
Microsoft Visual Studio Solution File, Format Version 12.00
# Visual Studio Version 17
VisualStudioVersion = 17.4.33110.190
MinimumVisualStudioVersion = 10.0.40219.1
Project("{FAE04EC0-301F-11D3-BF4B-00C04F79EFBC}") = "MVC_Crud", "MVC_Crud\MVC_Crud.csproj", "{E50269DC-498F-46D4-95E6-FFD815E84468}"
EndProject
Global
	GlobalSection(SolutionConfigurationPlatforms) = preSolution
		Debug|Any CPU = Debug|Any CPU
		Release|Any CPU = Release|Any CPU
	EndGlobalSection
	GlobalSection(ProjectConfigurationPlatforms) = postSolution
		{E50269DC-498F-46D4-95E6-FFD815E84468}.Debug|Any CPU.ActiveCfg = Debug|Any CPU
		{E50269DC-498F-46D4-95E6-FFD815E84468}.Debug|Any CPU.Build.0 = Debug|Any CPU
		{E50269DC-498F-46D4-95E6-FFD815E84468}.Release|Any CPU.ActiveCfg = Release|Any CPU
		{E50269DC-498F-46D4-95E6-FFD815E84468}.Release|Any CPU.Build.0 = Release|Any CPU
	EndGlobalSection
	GlobalSection(SolutionProperties) = preSolution
		HideSolutionNode = FALSE
	EndGlobalSection
	GlobalSection(ExtensibilityGlobals) = postSolution
		SolutionGuid = {21A30B76-DAD0-44E5-A661-D76A48535D1B}
	EndGlobalSection
EndGlobal
